Microsoft Visual Studio Solution File, Format Version 12.00
# Visual Studio Version 17
VisualStudioVersion = 17.5.2.0
MinimumVisualStudioVersion = 10.0.40219.1
Project("{2150E333-8FDC-42A3-9474-1A3956D46DE8}") = "WindowCenterApp", "WindowCenterApp", "{D1CA3ACA-2373-73F1-EF7F-C1BB72BDA8CC}"
EndProject
Project("{2150E333-8FDC-42A3-9474-1A3956D46DE8}") = "Release", "Release", "{AC6C82AC-470F-0727-591E-7B063710C52D}"
EndProject
Project("{FAE04EC0-301F-11D3-BF4B-00C04F79EFBC}") = "AutoCenterMinimal", "WindowCenterApp\source\AutoCenterMinimal.csproj", "{1DB4BF8B-998F-5D87-550B-6E561A56BFFE}"
EndProject
Project("{2150E333-8FDC-42A3-9474-1A3956D46DE8}") = "WindowsSearchOptimizer-Ready-v2025.1.1", "WindowsSearchOptimizer-Ready-v2025.1.1", "{D2020979-D8D6-38E3-DBB1-4F87A2D64898}"
EndProject
Project("{2150E333-8FDC-42A3-9474-1A3956D46DE8}") = "WindowCenterApp", "WindowCenterApp", "{B139C1D3-9C7D-261E-2A15-6BD10E945A5A}"
EndProject
Project("{FAE04EC0-301F-11D3-BF4B-00C04F79EFBC}") = "AutoCenterMinimal", "Release\WindowsSearchOptimizer-Ready-v2025.1.1\WindowCenterApp\source\AutoCenterMinimal.csproj", "{4758675E-0F5A-237E-8A41-0964CFB38084}"
EndProject
Global
	GlobalSection(SolutionConfigurationPlatforms) = preSolution
		Debug|Any CPU = Debug|Any CPU
		Release|Any CPU = Release|Any CPU
	EndGlobalSection
	GlobalSection(ProjectConfigurationPlatforms) = postSolution
		{1DB4BF8B-998F-5D87-550B-6E561A56BFFE}.Debug|Any CPU.ActiveCfg = Debug|Any CPU
		{1DB4BF8B-998F-5D87-550B-6E561A56BFFE}.Debug|Any CPU.Build.0 = Debug|Any CPU
		{1DB4BF8B-998F-5D87-550B-6E561A56BFFE}.Release|Any CPU.ActiveCfg = Release|Any CPU
		{1DB4BF8B-998F-5D87-550B-6E561A56BFFE}.Release|Any CPU.Build.0 = Release|Any CPU
		{4758675E-0F5A-237E-8A41-0964CFB38084}.Debug|Any CPU.ActiveCfg = Debug|Any CPU
		{4758675E-0F5A-237E-8A41-0964CFB38084}.Debug|Any CPU.Build.0 = Debug|Any CPU
		{4758675E-0F5A-237E-8A41-0964CFB38084}.Release|Any CPU.ActiveCfg = Release|Any CPU
		{4758675E-0F5A-237E-8A41-0964CFB38084}.Release|Any CPU.Build.0 = Release|Any CPU
	EndGlobalSection
	GlobalSection(SolutionProperties) = preSolution
		HideSolutionNode = FALSE
	EndGlobalSection
	GlobalSection(NestedProjects) = preSolution
		{1DB4BF8B-998F-5D87-550B-6E561A56BFFE} = {D1CA3ACA-2373-73F1-EF7F-C1BB72BDA8CC}
		{D2020979-D8D6-38E3-DBB1-4F87A2D64898} = {AC6C82AC-470F-0727-591E-7B063710C52D}
		{B139C1D3-9C7D-261E-2A15-6BD10E945A5A} = {D2020979-D8D6-38E3-DBB1-4F87A2D64898}
		{4758675E-0F5A-237E-8A41-0964CFB38084} = {B139C1D3-9C7D-261E-2A15-6BD10E945A5A}
	EndGlobalSection
	GlobalSection(ExtensibilityGlobals) = postSolution
		SolutionGuid = {A61A14B6-3460-46BA-AF34-6B760AFC76C0}
	EndGlobalSection
EndGlobal
