Microsoft Visual Studio Solution File, Format Version 12.00
# Visual Studio Version 17
VisualStudioVersion = 17.5.2.0
MinimumVisualStudioVersion = 10.0.40219.1
Project("{2150E333-8FDC-42A3-9474-1A3956D46DE8}") = "WindowCenterApp", "WindowCenterApp", "{D1CA3ACA-2373-73F1-EF7F-C1BB72BDA8CC}"
EndProject
Project("{FAE04EC0-301F-11D3-BF4B-00C04F79EFBC}") = "AutoCenterMinimal", "WindowCenterApp\source\AutoCenterMinimal.csproj", "{1DB4BF8B-998F-5D87-550B-6E561A56BFFE}"
EndProject
Global
	GlobalSection(SolutionConfigurationPlatforms) = preSolution
		Debug|Any CPU = Debug|Any CPU
		Release|Any CPU = Release|Any CPU
	EndGlobalSection
	GlobalSection(ProjectConfigurationPlatforms) = postSolution
		{1DB4BF8B-998F-5D87-550B-6E561A56BFFE}.Debug|Any CPU.ActiveCfg = Debug|Any CPU
		{1DB4BF8B-998F-5D87-550B-6E561A56BFFE}.Debug|Any CPU.Build.0 = Debug|Any CPU
		{1DB4BF8B-998F-5D87-550B-6E561A56BFFE}.Release|Any CPU.ActiveCfg = Release|Any CPU
		{1DB4BF8B-998F-5D87-550B-6E561A56BFFE}.Release|Any CPU.Build.0 = Release|Any CPU
	EndGlobalSection
	GlobalSection(SolutionProperties) = preSolution
		HideSolutionNode = FALSE
	EndGlobalSection
	GlobalSection(NestedProjects) = preSolution
		{1DB4BF8B-998F-5D87-550B-6E561A56BFFE} = {D1CA3ACA-2373-73F1-EF7F-C1BB72BDA8CC}
	EndGlobalSection
	GlobalSection(ExtensibilityGlobals) = postSolution
		SolutionGuid = {6A1D3B3B-565E-4F5D-AF7C-DD6BC11C2FEE}
	EndGlobalSection
EndGlobal
